
Microsoft Visual Studio Solution File, Format Version 12.00
# Visual Studio Version 16
VisualStudioVersion = 16.6.30114.105
MinimumVisualStudioVersion = 10.0.40219.1
Project("{9A19103F-16F7-4668-BE54-9A1E7A4F7556}") = "EnumerableFunc", "EnumerableFunc\EnumerableFunc.csproj", "{92D01DAA-A72F-443D-955C-AB19D2AEC12C}"
EndProject
Project("{9A19103F-16F7-4668-BE54-9A1E7A4F7556}") = "Test", "Test\Test.csproj", "{0CD26DD1-1EE4-4C2A-A162-309DA28E84B0}"
EndProject
Global
	GlobalSection(SolutionConfigurationPlatforms) = preSolution
		Debug|Any CPU = Debug|Any CPU
		Debug|x64 = Debug|x64
		Debug|x86 = Debug|x86
		Release|Any CPU = Release|Any CPU
		Release|x64 = Release|x64
		Release|x86 = Release|x86
	EndGlobalSection
	GlobalSection(ProjectConfigurationPlatforms) = postSolution
		{92D01DAA-A72F-443D-955C-AB19D2AEC12C}.Debug|Any CPU.ActiveCfg = Debug|Any CPU
		{92D01DAA-A72F-443D-955C-AB19D2AEC12C}.Debug|Any CPU.Build.0 = Debug|Any CPU
		{92D01DAA-A72F-443D-955C-AB19D2AEC12C}.Debug|x64.ActiveCfg = Debug|Any CPU
		{92D01DAA-A72F-443D-955C-AB19D2AEC12C}.Debug|x64.Build.0 = Debug|Any CPU
		{92D01DAA-A72F-443D-955C-AB19D2AEC12C}.Debug|x86.ActiveCfg = Debug|Any CPU
		{92D01DAA-A72F-443D-955C-AB19D2AEC12C}.Debug|x86.Build.0 = Debug|Any CPU
		{92D01DAA-A72F-443D-955C-AB19D2AEC12C}.Release|Any CPU.ActiveCfg = Release|Any CPU
		{92D01DAA-A72F-443D-955C-AB19D2AEC12C}.Release|Any CPU.Build.0 = Release|Any CPU
		{92D01DAA-A72F-443D-955C-AB19D2AEC12C}.Release|x64.ActiveCfg = Release|Any CPU
		{92D01DAA-A72F-443D-955C-AB19D2AEC12C}.Release|x64.Build.0 = Release|Any CPU
		{92D01DAA-A72F-443D-955C-AB19D2AEC12C}.Release|x86.ActiveCfg = Release|Any CPU
		{92D01DAA-A72F-443D-955C-AB19D2AEC12C}.Release|x86.Build.0 = Release|Any CPU
		{0CD26DD1-1EE4-4C2A-A162-309DA28E84B0}.Debug|Any CPU.ActiveCfg = Debug|Any CPU
		{0CD26DD1-1EE4-4C2A-A162-309DA28E84B0}.Debug|Any CPU.Build.0 = Debug|Any CPU
		{0CD26DD1-1EE4-4C2A-A162-309DA28E84B0}.Debug|x64.ActiveCfg = Debug|Any CPU
		{0CD26DD1-1EE4-4C2A-A162-309DA28E84B0}.Debug|x64.Build.0 = Debug|Any CPU
		{0CD26DD1-1EE4-4C2A-A162-309DA28E84B0}.Debug|x86.ActiveCfg = Debug|Any CPU
		{0CD26DD1-1EE4-4C2A-A162-309DA28E84B0}.Debug|x86.Build.0 = Debug|Any CPU
		{0CD26DD1-1EE4-4C2A-A162-309DA28E84B0}.Release|Any CPU.ActiveCfg = Release|Any CPU
		{0CD26DD1-1EE4-4C2A-A162-309DA28E84B0}.Release|Any CPU.Build.0 = Release|Any CPU
		{0CD26DD1-1EE4-4C2A-A162-309DA28E84B0}.Release|x64.ActiveCfg = Release|Any CPU
		{0CD26DD1-1EE4-4C2A-A162-309DA28E84B0}.Release|x64.Build.0 = Release|Any CPU
		{0CD26DD1-1EE4-4C2A-A162-309DA28E84B0}.Release|x86.ActiveCfg = Release|Any CPU
		{0CD26DD1-1EE4-4C2A-A162-309DA28E84B0}.Release|x86.Build.0 = Release|Any CPU
	EndGlobalSection
	GlobalSection(SolutionProperties) = preSolution
		HideSolutionNode = FALSE
	EndGlobalSection
	GlobalSection(ExtensibilityGlobals) = postSolution
		SolutionGuid = {60B363DA-1396-4952-9918-07AB86DFA473}
	EndGlobalSection
EndGlobal
